
Microsoft Visual Studio Solution File, Format Version 12.00
# Visual Studio Version 17
VisualStudioVersion = 17.2.32616.157
MinimumVisualStudioVersion = 10.0.40219.1
Project("{2150E333-8FDC-42A3-9474-1A3956D46DE8}") = "2 Persistence", "2 Persistence", "{FF1FD36F-648C-4D39-88B3-F73B24CE33D6}"
EndProject
Project("{9A19103F-16F7-4668-BE54-9A1E7A4F7556}") = "Persistence.MsSql", "Persistence.MsSql\Persistence.MsSql.csproj", "{6007499C-1AFE-499E-BC56-1D038383F51D}"
EndProject
Project("{2150E333-8FDC-42A3-9474-1A3956D46DE8}") = "5 Presentation", "5 Presentation", "{018F5A33-16E6-48CE-BE37-7856F0623990}"
EndProject
Project("{2150E333-8FDC-42A3-9474-1A3956D46DE8}") = "4 Controllers", "4 Controllers", "{B4048939-0E6A-4D53-991B-7E7AC6E481B3}"
EndProject
Project("{2150E333-8FDC-42A3-9474-1A3956D46DE8}") = "0 Domain", "0 Domain", "{54B4274C-E98C-4780-ACC2-472C3D53329C}"
EndProject
Project("{9A19103F-16F7-4668-BE54-9A1E7A4F7556}") = "Entities", "Entities\Entities.csproj", "{64735379-9353-4CA3-A565-C0BD33A98308}"
EndProject
Project("{9A19103F-16F7-4668-BE54-9A1E7A4F7556}") = "WebApiPhones", "WebApiPhones\WebApiPhones.csproj", "{523948AE-7F8D-4857-B4A4-819270251B85}"
EndProject
Project("{2150E333-8FDC-42A3-9474-1A3956D46DE8}") = "3 Application", "3 Application", "{B44C4976-5540-4695-8105-5932CA1EB904}"
EndProject
Project("{9A19103F-16F7-4668-BE54-9A1E7A4F7556}") = "UseCases.API", "UseCases.API\UseCases.API.csproj", "{D9BF72A9-A2B2-495E-B014-0667AB570081}"
EndProject
Project("{9A19103F-16F7-4668-BE54-9A1E7A4F7556}") = "WebApp", "WebApp\WebApp.csproj", "{70CF39E3-84FE-495E-9768-CCD300A7F748}"
EndProject
Project("{9A19103F-16F7-4668-BE54-9A1E7A4F7556}") = "WebAppCookies", "WebAppCookies\WebAppCookies.csproj", "{FE57301B-706A-4E8B-AA37-85860F5F34AD}"
EndProject
Project("{9A19103F-16F7-4668-BE54-9A1E7A4F7556}") = "WebAppRoles", "WebAppRoles\WebAppRoles.csproj", "{5A1605A6-7AC9-4335-9C93-DD01C222F20B}"
EndProject
Project("{9A19103F-16F7-4668-BE54-9A1E7A4F7556}") = "WebAppClaims", "WebAppClaims\WebAppClaims.csproj", "{0022CEC2-C9D8-4284-9539-A70D2983DE06}"
EndProject
Project("{9A19103F-16F7-4668-BE54-9A1E7A4F7556}") = "WebApiJwt", "WebApiJwt\WebApiJwt.csproj", "{E4816F7A-B1F0-4865-97EE-4FB809E5AFD9}"
EndProject
Project("{FAE04EC0-301F-11D3-BF4B-00C04F79EFBC}") = "WebPhoneBook", "WebPhoneBook\WebPhoneBook.csproj", "{704C8107-0A2D-42A2-8727-5E83ECA08726}"
EndProject
Global
	GlobalSection(SolutionConfigurationPlatforms) = preSolution
		Debug|Any CPU = Debug|Any CPU
		Release|Any CPU = Release|Any CPU
	EndGlobalSection
	GlobalSection(ProjectConfigurationPlatforms) = postSolution
		{6007499C-1AFE-499E-BC56-1D038383F51D}.Debug|Any CPU.ActiveCfg = Debug|Any CPU
		{6007499C-1AFE-499E-BC56-1D038383F51D}.Debug|Any CPU.Build.0 = Debug|Any CPU
		{6007499C-1AFE-499E-BC56-1D038383F51D}.Release|Any CPU.ActiveCfg = Release|Any CPU
		{6007499C-1AFE-499E-BC56-1D038383F51D}.Release|Any CPU.Build.0 = Release|Any CPU
		{64735379-9353-4CA3-A565-C0BD33A98308}.Debug|Any CPU.ActiveCfg = Debug|Any CPU
		{64735379-9353-4CA3-A565-C0BD33A98308}.Debug|Any CPU.Build.0 = Debug|Any CPU
		{64735379-9353-4CA3-A565-C0BD33A98308}.Release|Any CPU.ActiveCfg = Release|Any CPU
		{64735379-9353-4CA3-A565-C0BD33A98308}.Release|Any CPU.Build.0 = Release|Any CPU
		{523948AE-7F8D-4857-B4A4-819270251B85}.Debug|Any CPU.ActiveCfg = Debug|Any CPU
		{523948AE-7F8D-4857-B4A4-819270251B85}.Debug|Any CPU.Build.0 = Debug|Any CPU
		{523948AE-7F8D-4857-B4A4-819270251B85}.Release|Any CPU.ActiveCfg = Release|Any CPU
		{523948AE-7F8D-4857-B4A4-819270251B85}.Release|Any CPU.Build.0 = Release|Any CPU
		{D9BF72A9-A2B2-495E-B014-0667AB570081}.Debug|Any CPU.ActiveCfg = Debug|Any CPU
		{D9BF72A9-A2B2-495E-B014-0667AB570081}.Debug|Any CPU.Build.0 = Debug|Any CPU
		{D9BF72A9-A2B2-495E-B014-0667AB570081}.Release|Any CPU.ActiveCfg = Release|Any CPU
		{D9BF72A9-A2B2-495E-B014-0667AB570081}.Release|Any CPU.Build.0 = Release|Any CPU
		{70CF39E3-84FE-495E-9768-CCD300A7F748}.Debug|Any CPU.ActiveCfg = Debug|Any CPU
		{70CF39E3-84FE-495E-9768-CCD300A7F748}.Debug|Any CPU.Build.0 = Debug|Any CPU
		{70CF39E3-84FE-495E-9768-CCD300A7F748}.Release|Any CPU.ActiveCfg = Release|Any CPU
		{70CF39E3-84FE-495E-9768-CCD300A7F748}.Release|Any CPU.Build.0 = Release|Any CPU
		{FE57301B-706A-4E8B-AA37-85860F5F34AD}.Debug|Any CPU.ActiveCfg = Debug|Any CPU
		{FE57301B-706A-4E8B-AA37-85860F5F34AD}.Debug|Any CPU.Build.0 = Debug|Any CPU
		{FE57301B-706A-4E8B-AA37-85860F5F34AD}.Release|Any CPU.ActiveCfg = Release|Any CPU
		{FE57301B-706A-4E8B-AA37-85860F5F34AD}.Release|Any CPU.Build.0 = Release|Any CPU
		{5A1605A6-7AC9-4335-9C93-DD01C222F20B}.Debug|Any CPU.ActiveCfg = Debug|Any CPU
		{5A1605A6-7AC9-4335-9C93-DD01C222F20B}.Debug|Any CPU.Build.0 = Debug|Any CPU
		{5A1605A6-7AC9-4335-9C93-DD01C222F20B}.Release|Any CPU.ActiveCfg = Release|Any CPU
		{5A1605A6-7AC9-4335-9C93-DD01C222F20B}.Release|Any CPU.Build.0 = Release|Any CPU
		{0022CEC2-C9D8-4284-9539-A70D2983DE06}.Debug|Any CPU.ActiveCfg = Debug|Any CPU
		{0022CEC2-C9D8-4284-9539-A70D2983DE06}.Debug|Any CPU.Build.0 = Debug|Any CPU
		{0022CEC2-C9D8-4284-9539-A70D2983DE06}.Release|Any CPU.ActiveCfg = Release|Any CPU
		{0022CEC2-C9D8-4284-9539-A70D2983DE06}.Release|Any CPU.Build.0 = Release|Any CPU
		{E4816F7A-B1F0-4865-97EE-4FB809E5AFD9}.Debug|Any CPU.ActiveCfg = Debug|Any CPU
		{E4816F7A-B1F0-4865-97EE-4FB809E5AFD9}.Debug|Any CPU.Build.0 = Debug|Any CPU
		{E4816F7A-B1F0-4865-97EE-4FB809E5AFD9}.Release|Any CPU.ActiveCfg = Release|Any CPU
		{E4816F7A-B1F0-4865-97EE-4FB809E5AFD9}.Release|Any CPU.Build.0 = Release|Any CPU
		{704C8107-0A2D-42A2-8727-5E83ECA08726}.Debug|Any CPU.ActiveCfg = Debug|Any CPU
		{704C8107-0A2D-42A2-8727-5E83ECA08726}.Debug|Any CPU.Build.0 = Debug|Any CPU
		{704C8107-0A2D-42A2-8727-5E83ECA08726}.Release|Any CPU.ActiveCfg = Release|Any CPU
		{704C8107-0A2D-42A2-8727-5E83ECA08726}.Release|Any CPU.Build.0 = Release|Any CPU
	EndGlobalSection
	GlobalSection(SolutionProperties) = preSolution
		HideSolutionNode = FALSE
	EndGlobalSection
	GlobalSection(NestedProjects) = preSolution
		{6007499C-1AFE-499E-BC56-1D038383F51D} = {FF1FD36F-648C-4D39-88B3-F73B24CE33D6}
		{64735379-9353-4CA3-A565-C0BD33A98308} = {54B4274C-E98C-4780-ACC2-472C3D53329C}
		{523948AE-7F8D-4857-B4A4-819270251B85} = {B4048939-0E6A-4D53-991B-7E7AC6E481B3}
		{D9BF72A9-A2B2-495E-B014-0667AB570081} = {B44C4976-5540-4695-8105-5932CA1EB904}
		{70CF39E3-84FE-495E-9768-CCD300A7F748} = {018F5A33-16E6-48CE-BE37-7856F0623990}
		{FE57301B-706A-4E8B-AA37-85860F5F34AD} = {018F5A33-16E6-48CE-BE37-7856F0623990}
		{5A1605A6-7AC9-4335-9C93-DD01C222F20B} = {018F5A33-16E6-48CE-BE37-7856F0623990}
		{0022CEC2-C9D8-4284-9539-A70D2983DE06} = {018F5A33-16E6-48CE-BE37-7856F0623990}
		{E4816F7A-B1F0-4865-97EE-4FB809E5AFD9} = {B4048939-0E6A-4D53-991B-7E7AC6E481B3}
		{704C8107-0A2D-42A2-8727-5E83ECA08726} = {018F5A33-16E6-48CE-BE37-7856F0623990}
	EndGlobalSection
	GlobalSection(ExtensibilityGlobals) = postSolution
		SolutionGuid = {FC2B2A1B-6477-4ACC-8FC2-2DF9C6B50F78}
	EndGlobalSection
EndGlobal
